
Microsoft Visual Studio Solution File, Format Version 12.00
# Visual Studio 15
VisualStudioVersion = 15.0.28010.2041
MinimumVisualStudioVersion = 10.0.40219.1
Project("{FAE04EC0-301F-11D3-BF4B-00C04F79EFBC}") = "FileSharing", "FileSharing\FileSharing.csproj", "{B70DFB60-02AF-4A56-97DE-E816AD64D1FE}"
	ProjectSection(ProjectDependencies) = postProject
		{E22F3A4E-A088-421D-8946-50EBB9C066E0} = {E22F3A4E-A088-421D-8946-50EBB9C066E0}
	EndProjectSection
EndProject
Project("{FAE04EC0-301F-11D3-BF4B-00C04F79EFBC}") = "FileSharing.Tests", "FileSharing.Tests\FileSharing.Tests.csproj", "{51AB3BE0-9D60-4395-BD7B-3F355833A805}"
EndProject
Project("{FAE04EC0-301F-11D3-BF4B-00C04F79EFBC}") = "FileSharing.Dependancy", "FileSharing.Dependancy\FileSharing.Dependancy.csproj", "{3168BB93-C8FD-40B1-A63D-5B3A5CC2495A}"
EndProject
Project("{FAE04EC0-301F-11D3-BF4B-00C04F79EFBC}") = "FileSharing.DAL", "FileSharing.DAL\FileSharing.DAL.csproj", "{9D45D710-C370-4868-9BB7-97D794360C67}"
EndProject
Project("{FAE04EC0-301F-11D3-BF4B-00C04F79EFBC}") = "FileSharing.Entities", "FileSharing.Entities\FileSharing.Entities.csproj", "{384A6B30-DB3C-480F-9670-AD627C42EE31}"
EndProject
Project("{FAE04EC0-301F-11D3-BF4B-00C04F79EFBC}") = "FileSharing.Business", "FileSharing.Business\FileSharing.Business.csproj", "{B7405ADC-7457-450B-81C0-D2B41CCBAF8C}"
EndProject
Project("{FAE04EC0-301F-11D3-BF4B-00C04F79EFBC}") = "AdvertisingWCF", "AdvertisingWCF\AdvertisingWCF.csproj", "{E22F3A4E-A088-421D-8946-50EBB9C066E0}"
EndProject
Global
	GlobalSection(SolutionConfigurationPlatforms) = preSolution
		Debug|Any CPU = Debug|Any CPU
		Release|Any CPU = Release|Any CPU
	EndGlobalSection
	GlobalSection(ProjectConfigurationPlatforms) = postSolution
		{B70DFB60-02AF-4A56-97DE-E816AD64D1FE}.Debug|Any CPU.ActiveCfg = Debug|Any CPU
		{B70DFB60-02AF-4A56-97DE-E816AD64D1FE}.Debug|Any CPU.Build.0 = Debug|Any CPU
		{B70DFB60-02AF-4A56-97DE-E816AD64D1FE}.Release|Any CPU.ActiveCfg = Release|Any CPU
		{B70DFB60-02AF-4A56-97DE-E816AD64D1FE}.Release|Any CPU.Build.0 = Release|Any CPU
		{51AB3BE0-9D60-4395-BD7B-3F355833A805}.Debug|Any CPU.ActiveCfg = Debug|Any CPU
		{51AB3BE0-9D60-4395-BD7B-3F355833A805}.Debug|Any CPU.Build.0 = Debug|Any CPU
		{51AB3BE0-9D60-4395-BD7B-3F355833A805}.Release|Any CPU.ActiveCfg = Release|Any CPU
		{51AB3BE0-9D60-4395-BD7B-3F355833A805}.Release|Any CPU.Build.0 = Release|Any CPU
		{3168BB93-C8FD-40B1-A63D-5B3A5CC2495A}.Debug|Any CPU.ActiveCfg = Debug|Any CPU
		{3168BB93-C8FD-40B1-A63D-5B3A5CC2495A}.Debug|Any CPU.Build.0 = Debug|Any CPU
		{3168BB93-C8FD-40B1-A63D-5B3A5CC2495A}.Release|Any CPU.ActiveCfg = Release|Any CPU
		{3168BB93-C8FD-40B1-A63D-5B3A5CC2495A}.Release|Any CPU.Build.0 = Release|Any CPU
		{9D45D710-C370-4868-9BB7-97D794360C67}.Debug|Any CPU.ActiveCfg = Debug|Any CPU
		{9D45D710-C370-4868-9BB7-97D794360C67}.Debug|Any CPU.Build.0 = Debug|Any CPU
		{9D45D710-C370-4868-9BB7-97D794360C67}.Release|Any CPU.ActiveCfg = Release|Any CPU
		{9D45D710-C370-4868-9BB7-97D794360C67}.Release|Any CPU.Build.0 = Release|Any CPU
		{384A6B30-DB3C-480F-9670-AD627C42EE31}.Debug|Any CPU.ActiveCfg = Debug|Any CPU
		{384A6B30-DB3C-480F-9670-AD627C42EE31}.Debug|Any CPU.Build.0 = Debug|Any CPU
		{384A6B30-DB3C-480F-9670-AD627C42EE31}.Release|Any CPU.ActiveCfg = Release|Any CPU
		{384A6B30-DB3C-480F-9670-AD627C42EE31}.Release|Any CPU.Build.0 = Release|Any CPU
		{B7405ADC-7457-450B-81C0-D2B41CCBAF8C}.Debug|Any CPU.ActiveCfg = Debug|Any CPU
		{B7405ADC-7457-450B-81C0-D2B41CCBAF8C}.Debug|Any CPU.Build.0 = Debug|Any CPU
		{B7405ADC-7457-450B-81C0-D2B41CCBAF8C}.Release|Any CPU.ActiveCfg = Release|Any CPU
		{B7405ADC-7457-450B-81C0-D2B41CCBAF8C}.Release|Any CPU.Build.0 = Release|Any CPU
		{E22F3A4E-A088-421D-8946-50EBB9C066E0}.Debug|Any CPU.ActiveCfg = Debug|Any CPU
		{E22F3A4E-A088-421D-8946-50EBB9C066E0}.Debug|Any CPU.Build.0 = Debug|Any CPU
		{E22F3A4E-A088-421D-8946-50EBB9C066E0}.Release|Any CPU.ActiveCfg = Release|Any CPU
		{E22F3A4E-A088-421D-8946-50EBB9C066E0}.Release|Any CPU.Build.0 = Release|Any CPU
	EndGlobalSection
	GlobalSection(SolutionProperties) = preSolution
		HideSolutionNode = FALSE
	EndGlobalSection
	GlobalSection(ExtensibilityGlobals) = postSolution
		SolutionGuid = {BA4368A3-B347-49DF-B2A7-6B5B15EEAFC9}
	EndGlobalSection
EndGlobal
